// !$*UTF8*$!
{
	archiveVersion = 1;
	classes = {
	};
	objectVersion = 50;
	objects = {

/* Begin PBXBuildFile section */
		CF2EAF13216F3F3E00232AB6 /* AppDelegate.m in Sources */ = {isa = PBXBuildFile; fileRef = CF2EAF12216F3F3E00232AB6 /* AppDelegate.m */; };
		CF2EAF16216F3F3E00232AB6 /* ViewController.m in Sources */ = {isa = PBXBuildFile; fileRef = CF2EAF15216F3F3E00232AB6 /* ViewController.m */; };
		CF2EAF19216F3F3E00232AB6 /* Main.storyboard in Resources */ = {isa = PBXBuildFile; fileRef = CF2EAF17216F3F3E00232AB6 /* Main.storyboard */; };
		CF2EAF1B216F3F4400232AB6 /* Assets.xcassets in Resources */ = {isa = PBXBuildFile; fileRef = CF2EAF1A216F3F4400232AB6 /* Assets.xcassets */; };
		CF2EAF1E216F3F4400232AB6 /* LaunchScreen.storyboard in Resources */ = {isa = PBXBuildFile; fileRef = CF2EAF1C216F3F4400232AB6 /* LaunchScreen.storyboard */; };
		CF2EAF21216F3F4400232AB6 /* main.m in Sources */ = {isa = PBXBuildFile; fileRef = CF2EAF20216F3F4400232AB6 /* main.m */; };
		CF2EAF2B216F3F4500232AB6 /* AttributeLabelTests.m in Sources */ = {isa = PBXBuildFile; fileRef = CF2EAF2A216F3F4500232AB6 /* AttributeLabelTests.m */; };
		CF2EAF36216F3F4500232AB6 /* AttributeLabelUITests.m in Sources */ = {isa = PBXBuildFile; fileRef = CF2EAF35216F3F4500232AB6 /* AttributeLabelUITests.m */; };
/* End PBXBuildFile section */

/* Begin PBXContainerItemProxy section */
		CF2EAF27216F3F4500232AB6 /* PBXContainerItemProxy */ = {
			isa = PBXContainerItemProxy;
			containerPortal = CF2EAF06216F3F3E00232AB6 /* Project object */;
			proxyType = 1;
			remoteGlobalIDString = CF2EAF0D216F3F3E00232AB6;
			remoteInfo = AttributeLabel;
		};
		CF2EAF32216F3F4500232AB6 /* PBXContainerItemProxy */ = {
			isa = PBXContainerItemProxy;
			containerPortal = CF2EAF06216F3F3E00232AB6 /* Project object */;
			proxyType = 1;
			remoteGlobalIDString = CF2EAF0D216F3F3E00232AB6;
			remoteInfo = AttributeLabel;
		};
/* End PBXContainerItemProxy section */

/* Begin PBXFileReference section */
		CF2EAF0E216F3F3E00232AB6 /* AttributeLabel.app */ = {isa = PBXFileReference; explicitFileType = wrapper.application; includeInIndex = 0; path = AttributeLabel.app; sourceTree = BUILT_PRODUCTS_DIR; };
		CF2EAF11216F3F3E00232AB6 /* AppDelegate.h */ = {isa = PBXFileReference; lastKnownFileType = sourcecode.c.h; path = AppDelegate.h; sourceTree = "<group>"; };
		CF2EAF12216F3F3E00232AB6 /* AppDelegate.m */ = {isa = PBXFileReference; lastKnownFileType = sourcecode.c.objc; path = AppDelegate.m; sourceTree = "<group>"; };
		CF2EAF14216F3F3E00232AB6 /* ViewController.h */ = {isa = PBXFileReference; lastKnownFileType = sourcecode.c.h; path = ViewController.h; sourceTree = "<group>"; };
		CF2EAF15216F3F3E00232AB6 /* ViewController.m */ = {isa = PBXFileReference; lastKnownFileType = sourcecode.c.objc; path = ViewController.m; sourceTree = "<group>"; };
		CF2EAF18216F3F3E00232AB6 /* Base */ = {isa = PBXFileReference; lastKnownFileType = file.storyboard; name = Base; path = Base.lproj/Main.storyboard; sourceTree = "<group>"; };
		CF2EAF1A216F3F4400232AB6 /* Assets.xcassets */ = {isa = PBXFileReference; lastKnownFileType = folder.assetcatalog; path = Assets.xcassets; sourceTree = "<group>"; };
		CF2EAF1D216F3F4400232AB6 /* Base */ = {isa = PBXFileReference; lastKnownFileType = file.storyboard; name = Base; path = Base.lproj/LaunchScreen.storyboard; sourceTree = "<group>"; };
		CF2EAF1F216F3F4400232AB6 /* Info.plist */ = {isa = PBXFileReference; lastKnownFileType = text.plist.xml; path = Info.plist; sourceTree = "<group>"; };
		CF2EAF20216F3F4400232AB6 /* main.m */ = {isa = PBXFileReference; lastKnownFileType = sourcecode.c.objc; path = main.m; sourceTree = "<group>"; };
		CF2EAF26216F3F4500232AB6 /* AttributeLabelTests.xctest */ = {isa = PBXFileReference; explicitFileType = wrapper.cfbundle; includeInIndex = 0; path = AttributeLabelTests.xctest; sourceTree = BUILT_PRODUCTS_DIR; };
		CF2EAF2A216F3F4500232AB6 /* AttributeLabelTests.m */ = {isa = PBXFileReference; lastKnownFileType = sourcecode.c.objc; path = AttributeLabelTests.m; sourceTree = "<group>"; };
		CF2EAF2C216F3F4500232AB6 /* Info.plist */ = {isa = PBXFileReference; lastKnownFileType = text.plist.xml; path = Info.plist; sourceTree = "<group>"; };
		CF2EAF31216F3F4500232AB6 /* AttributeLabelUITests.xctest */ = {isa = PBXFileReference; explicitFileType = wrapper.cfbundle; includeInIndex = 0; path = AttributeLabelUITests.xctest; sourceTree = BUILT_PRODUCTS_DIR; };
		CF2EAF35216F3F4500232AB6 /* AttributeLabelUITests.m */ = {isa = PBXFileReference; lastKnownFileType = sourcecode.c.objc; path = AttributeLabelUITests.m; sourceTree = "<group>"; };
		CF2EAF37216F3F4500232AB6 /* Info.plist */ = {isa = PBXFileReference; lastKnownFileType = text.plist.xml; path = Info.plist; sourceTree = "<group>"; };
/* End PBXFileReference section */

/* Begin PBXFrameworksBuildPhase section */
		CF2EAF0B216F3F3E00232AB6 /* Frameworks */ = {
			isa = PBXFrameworksBuildPhase;
			buildActionMask = 2147483647;
			files = (
			);
			runOnlyForDeploymentPostprocessing = 0;
		};
		CF2EAF23216F3F4500232AB6 /* Frameworks */ = {
			isa = PBXFrameworksBuildPhase;
			buildActionMask = 2147483647;
			files = (
			);
			runOnlyForDeploymentPostprocessing = 0;
		};
		CF2EAF2E216F3F4500232AB6 /* Frameworks */ = {
			isa = PBXFrameworksBuildPhase;
			buildActionMask = 2147483647;
			files = (
			);
			runOnlyForDeploymentPostprocessing = 0;
		};
/* End PBXFrameworksBuildPhase section */

/* Begin PBXGroup section */
		CF2EAF05216F3F3E00232AB6 = {
			isa = PBXGroup;
			children = (
				CF2EAF10216F3F3E00232AB6 /* AttributeLabel */,
				CF2EAF29216F3F4500232AB6 /* AttributeLabelTests */,
				CF2EAF34216F3F4500232AB6 /* AttributeLabelUITests */,
				CF2EAF0F216F3F3E00232AB6 /* Products */,
			);
			sourceTree = "<group>";
		};
		CF2EAF0F216F3F3E00232AB6 /* Products */ = {
			isa = PBXGroup;
			children = (
				CF2EAF0E216F3F3E00232AB6 /* AttributeLabel.app */,
				CF2EAF26216F3F4500232AB6 /* AttributeLabelTests.xctest */,
				CF2EAF31216F3F4500232AB6 /* AttributeLabelUITests.xctest */,
			);
			name = Products;
			sourceTree = "<group>";
		};
		CF2EAF10216F3F3E00232AB6 /* AttributeLabel */ = {
			isa = PBXGroup;
			children = (
				CF2EAF11216F3F3E00232AB6 /* AppDelegate.h */,
				CF2EAF12216F3F3E00232AB6 /* AppDelegate.m */,
				CF2EAF14216F3F3E00232AB6 /* ViewController.h */,
				CF2EAF15216F3F3E00232AB6 /* ViewController.m */,
				CF2EAF17216F3F3E00232AB6 /* Main.storyboard */,
				CF2EAF1A216F3F4400232AB6 /* Assets.xcassets */,
				CF2EAF1C216F3F4400232AB6 /* LaunchScreen.storyboard */,
				CF2EAF1F216F3F4400232AB6 /* Info.plist */,
				CF2EAF20216F3F4400232AB6 /* main.m */,
			);
			path = AttributeLabel;
			sourceTree = "<group>";
		};
		CF2EAF29216F3F4500232AB6 /* AttributeLabelTests */ = {
			isa = PBXGroup;
			children = (
				CF2EAF2A216F3F4500232AB6 /* AttributeLabelTests.m */,
				CF2EAF2C216F3F4500232AB6 /* Info.plist */,
			);
			path = AttributeLabelTests;
			sourceTree = "<group>";
		};
		CF2EAF34216F3F4500232AB6 /* AttributeLabelUITests */ = {
			isa = PBXGroup;
			children = (
				CF2EAF35216F3F4500232AB6 /* AttributeLabelUITests.m */,
				CF2EAF37216F3F4500232AB6 /* Info.plist */,
			);
			path = AttributeLabelUITests;
			sourceTree = "<group>";
		};
/* End PBXGroup section */

/* Begin PBXNativeTarget section */
		CF2EAF0D216F3F3E00232AB6 /* AttributeLabel */ = {
			isa = PBXNativeTarget;
			buildConfigurationList = CF2EAF3A216F3F4500232AB6 /* Build configuration list for PBXNativeTarget "AttributeLabel" */;
			buildPhases = (
				CF2EAF0A216F3F3E00232AB6 /* Sources */,
				CF2EAF0B216F3F3E00232AB6 /* Frameworks */,
				CF2EAF0C216F3F3E00232AB6 /* Resources */,
			);
			buildRules = (
			);
			dependencies = (
			);
			name = AttributeLabel;
			productName = AttributeLabel;
			productReference = CF2EAF0E216F3F3E00232AB6 /* AttributeLabel.app */;
			productType = "com.apple.product-type.application";
		};
		CF2EAF25216F3F4500232AB6 /* AttributeLabelTests */ = {
			isa = PBXNativeTarget;
			buildConfigurationList = CF2EAF3D216F3F4500232AB6 /* Build configuration list for PBXNativeTarget "AttributeLabelTests" */;
			buildPhases = (
				CF2EAF22216F3F4500232AB6 /* Sources */,
				CF2EAF23216F3F4500232AB6 /* Frameworks */,
				CF2EAF24216F3F4500232AB6 /* Resources */,
			);
			buildRules = (
			);
			dependencies = (
				CF2EAF28216F3F4500232AB6 /* PBXTargetDependency */,
			);
			name = AttributeLabelTests;
			productName = AttributeLabelTests;
			productReference = CF2EAF26216F3F4500232AB6 /* AttributeLabelTests.xctest */;
			productType = "com.apple.product-type.bundle.unit-test";
		};
		CF2EAF30216F3F4500232AB6 /* AttributeLabelUITests */ = {
			isa = PBXNativeTarget;
			buildConfigurationList = CF2EAF40216F3F4500232AB6 /* Build configuration list for PBXNativeTarget "AttributeLabelUITests" */;
			buildPhases = (
				CF2EAF2D216F3F4500232AB6 /* Sources */,
				CF2EAF2E216F3F4500232AB6 /* Frameworks */,
				CF2EAF2F216F3F4500232AB6 /* Resources */,
			);
			buildRules = (
			);
			dependencies = (
				CF2EAF33216F3F4500232AB6 /* PBXTargetDependency */,
			);
			name = AttributeLabelUITests;
			productName = AttributeLabelUITests;
			productReference = CF2EAF31216F3F4500232AB6 /* AttributeLabelUITests.xctest */;
			productType = "com.apple.product-type.bundle.ui-testing";
		};
/* End PBXNativeTarget section */

/* Begin PBXProject section */
		CF2EAF06216F3F3E00232AB6 /* Project object */ = {
			isa = PBXProject;
			attributes = {
				LastUpgradeCheck = 0940;
				ORGANIZATIONNAME = Superman;
				TargetAttributes = {
					CF2EAF0D216F3F3E00232AB6 = {
						CreatedOnToolsVersion = 9.4.1;
					};
					CF2EAF25216F3F4500232AB6 = {
						CreatedOnToolsVersion = 9.4.1;
						TestTargetID = CF2EAF0D216F3F3E00232AB6;
					};
					CF2EAF30216F3F4500232AB6 = {
						CreatedOnToolsVersion = 9.4.1;
						TestTargetID = CF2EAF0D216F3F3E00232AB6;
					};
				};
			};
			buildConfigurationList = CF2EAF09216F3F3E00232AB6 /* Build configuration list for PBXProject "AttributeLabel" */;
			compatibilityVersion = "Xcode 9.3";
			developmentRegion = en;
			hasScannedForEncodings = 0;
			knownRegions = (
				en,
				Base,
			);
			mainGroup = CF2EAF05216F3F3E00232AB6;
			productRefGroup = CF2EAF0F216F3F3E00232AB6 /* Products */;
			projectDirPath = "";
			projectRoot = "";
			targets = (
				CF2EAF0D216F3F3E00232AB6 /* AttributeLabel */,
				CF2EAF25216F3F4500232AB6 /* AttributeLabelTests */,
				CF2EAF30216F3F4500232AB6 /* AttributeLabelUITests */,
			);
		};
/* End PBXProject section */

/* Begin PBXResourcesBuildPhase section */
		CF2EAF0C216F3F3E00232AB6 /* Resources */ = {
			isa = PBXResourcesBuildPhase;
			buildActionMask = 2147483647;
			files = (
				CF2EAF1E216F3F4400232AB6 /* LaunchScreen.storyboard in Resources */,
				CF2EAF1B216F3F4400232AB6 /* Assets.xcassets in Resources */,
				CF2EAF19216F3F3E00232AB6 /* Main.storyboard in Resources */,
			);
			runOnlyForDeploymentPostprocessing = 0;
		};
		CF2EAF24216F3F4500232AB6 /* Resources */ = {
			isa = PBXResourcesBuildPhase;
			buildActionMask = 2147483647;
			files = (
			);
			runOnlyForDeploymentPostprocessing = 0;
		};
		CF2EAF2F216F3F4500232AB6 /* Resources */ = {
			isa = PBXResourcesBuildPhase;
			buildActionMask = 2147483647;
			files = (
			);
			runOnlyForDeploymentPostprocessing = 0;
		};
/* End PBXResourcesBuildPhase section */

/* Begin PBXSourcesBuildPhase section */
		CF2EAF0A216F3F3E00232AB6 /* Sources */ = {
			isa = PBXSourcesBuildPhase;
			buildActionMask = 2147483647;
			files = (
				CF2EAF16216F3F3E00232AB6 /* ViewController.m in Sources */,
				CF2EAF21216F3F4400232AB6 /* main.m in Sources */,
				CF2EAF13216F3F3E00232AB6 /* AppDelegate.m in Sources */,
			);
			runOnlyForDeploymentPostprocessing = 0;
		};
		CF2EAF22216F3F4500232AB6 /* Sources */ = {
			isa = PBXSourcesBuildPhase;
			buildActionMask = 2147483647;
			files = (
				CF2EAF2B216F3F4500232AB6 /* AttributeLabelTests.m in Sources */,
			);
			runOnlyForDeploymentPostprocessing = 0;
		};
		CF2EAF2D216F3F4500232AB6 /* Sources */ = {
			isa = PBXSourcesBuildPhase;
			buildActionMask = 2147483647;
			files = (
				CF2EAF36216F3F4500232AB6 /* AttributeLabelUITests.m in Sources */,
			);
			runOnlyForDeploymentPostprocessing = 0;
		};
/* End PBXSourcesBuildPhase section */

/* Begin PBXTargetDependency section */
		CF2EAF28216F3F4500232AB6 /* PBXTargetDependency */ = {
			isa = PBXTargetDependency;
			target = CF2EAF0D216F3F3E00232AB6 /* AttributeLabel */;
			targetProxy = CF2EAF27216F3F4500232AB6 /* PBXContainerItemProxy */;
		};
		CF2EAF33216F3F4500232AB6 /* PBXTargetDependency */ = {
			isa = PBXTargetDependency;
			target = CF2EAF0D216F3F3E00232AB6 /* AttributeLabel */;
			targetProxy = CF2EAF32216F3F4500232AB6 /* PBXContainerItemProxy */;
		};
/* End PBXTargetDependency section */

/* Begin PBXVariantGroup section */
		CF2EAF17216F3F3E00232AB6 /* Main.storyboard */ = {
			isa = PBXVariantGroup;
			children = (
				CF2EAF18216F3F3E00232AB6 /* Base */,
			);
			name = Main.storyboard;
			sourceTree = "<group>";
		};
		CF2EAF1C216F3F4400232AB6 /* LaunchScreen.storyboard */ = {
			isa = PBXVariantGroup;
			children = (
				CF2EAF1D216F3F4400232AB6 /* Base */,
			);
			name = LaunchScreen.storyboard;
			sourceTree = "<group>";
		};
/* End PBXVariantGroup section */

/* Begin XCBuildConfiguration section */
		CF2EAF38216F3F4500232AB6 /* Debug */ = {
			isa = XCBuildConfiguration;
			buildSettings = {
				ALWAYS_SEARCH_USER_PATHS = NO;
				CLANG_ANALYZER_NONNULL = YES;
				CLANG_ANALYZER_NUMBER_OBJECT_CONVERSION = YES_AGGRESSIVE;
				CLANG_CXX_LANGUAGE_STANDARD = "gnu++14";
				CLANG_CXX_LIBRARY = "libc++";
				CLANG_ENABLE_MODULES = YES;
				CLANG_ENABLE_OBJC_ARC = YES;
				CLANG_ENABLE_OBJC_WEAK = YES;
				CLANG_WARN_BLOCK_CAPTURE_AUTORELEASING = YES;
				CLANG_WARN_BOOL_CONVERSION = YES;
				CLANG_WARN_COMMA = YES;
				CLANG_WARN_CONSTANT_CONVERSION = YES;
				CLANG_WARN_DEPRECATED_OBJC_IMPLEMENTATIONS = YES;
				CLANG_WARN_DIRECT_OBJC_ISA_USAGE = YES_ERROR;
				CLANG_WARN_DOCUMENTATION_COMMENTS = YES;
				CLANG_WARN_EMPTY_BODY = YES;
				CLANG_WARN_ENUM_CONVERSION = YES;
				CLANG_WARN_INFINITE_RECURSION = YES;
				CLANG_WARN_INT_CONVERSION = YES;
				CLANG_WARN_NON_LITERAL_NULL_CONVERSION = YES;
				CLANG_WARN_OBJC_IMPLICIT_RETAIN_SELF = YES;
				CLANG_WARN_OBJC_LITERAL_CONVERSION = YES;
				CLANG_WARN_OBJC_ROOT_CLASS = YES_ERROR;
				CLANG_WARN_RANGE_LOOP_ANALYSIS = YES;
				CLANG_WARN_STRICT_PROTOTYPES = YES;
				CLANG_WARN_SUSPICIOUS_MOVE = YES;
				CLANG_WARN_UNGUARDED_AVAILABILITY = YES_AGGRESSIVE;
				CLANG_WARN_UNREACHABLE_CODE = YES;
				CLANG_WARN__DUPLICATE_METHOD_MATCH = YES;
				CODE_SIGN_IDENTITY = "iPhone Developer";
				COPY_PHASE_STRIP = NO;
				DEBUG_INFORMATION_FORMAT = dwarf;
				ENABLE_STRICT_OBJC_MSGSEND = YES;
				ENABLE_TESTABILITY = YES;
				GCC_C_LANGUAGE_STANDARD = gnu11;
				GCC_DYNAMIC_NO_PIC = NO;
				GCC_NO_COMMON_BLOCKS = YES;
				GCC_OPTIMIZATION_LEVEL = 0;
				GCC_PREPROCESSOR_DEFINITIONS = (
					"DEBUG=1",
					"$(inherited)",
				);
				GCC_WARN_64_TO_32_BIT_CONVERSION = YES;
				GCC_WARN_ABOUT_RETURN_TYPE = YES_ERROR;
				GCC_WARN_UNDECLARED_SELECTOR = YES;
				GCC_WARN_UNINITIALIZED_AUTOS = YES_AGGRESSIVE;
				GCC_WARN_UNUSED_FUNCTION = YES;
				GCC_WARN_UNUSED_VARIABLE = YES;
				IPHONEOS_DEPLOYMENT_TARGET = 11.4;
				MTL_ENABLE_DEBUG_INFO = YES;
				ONLY_ACTIVE_ARCH = YES;
				SDKROOT = iphoneos;
			};
			name = Debug;
		};
		CF2EAF39216F3F4500232AB6 /* Release */ = {
			isa = XCBuildConfiguration;
			buildSettings = {
				ALWAYS_SEARCH_USER_PATHS = NO;
				CLANG_ANALYZER_NONNULL = YES;
				CLANG_ANALYZER_NUMBER_OBJECT_CONVERSION = YES_AGGRESSIVE;
				CLANG_CXX_LANGUAGE_STANDARD = "gnu++14";
				CLANG_CXX_LIBRARY = "libc++";
				CLANG_ENABLE_MODULES = YES;
				CLANG_ENABLE_OBJC_ARC = YES;
				CLANG_ENABLE_OBJC_WEAK = YES;
				CLANG_WARN_BLOCK_CAPTURE_AUTORELEASING = YES;
				CLANG_WARN_BOOL_CONVERSION = YES;
				CLANG_WARN_COMMA = YES;
				CLANG_WARN_CONSTANT_CONVERSION = YES;
				CLANG_WARN_DEPRECATED_OBJC_IMPLEMENTATIONS = YES;
				CLANG_WARN_DIRECT_OBJC_ISA_USAGE = YES_ERROR;
				CLANG_WARN_DOCUMENTATION_COMMENTS = YES;
				CLANG_WARN_EMPTY_BODY = YES;
				CLANG_WARN_ENUM_CONVERSION = YES;
				CLANG_WARN_INFINITE_RECURSION = YES;
				CLANG_WARN_INT_CONVERSION = YES;
				CLANG_WARN_NON_LITERAL_NULL_CONVERSION = YES;
				CLANG_WARN_OBJC_IMPLICIT_RETAIN_SELF = YES;
				CLANG_WARN_OBJC_LITERAL_CONVERSION = YES;
				CLANG_WARN_OBJC_ROOT_CLASS = YES_ERROR;
				CLANG_WARN_RANGE_LOOP_ANALYSIS = YES;
				CLANG_WARN_STRICT_PROTOTYPES = YES;
				CLANG_WARN_SUSPICIOUS_MOVE = YES;
				CLANG_WARN_UNGUARDED_AVAILABILITY = YES_AGGRESSIVE;
				CLANG_WARN_UNREACHABLE_CODE = YES;
				CLANG_WARN__DUPLICATE_METHOD_MATCH = YES;
				CODE_SIGN_IDENTITY = "iPhone Developer";
				COPY_PHASE_STRIP = NO;
				DEBUG_INFORMATION_FORMAT = "dwarf-with-dsym";
				ENABLE_NS_ASSERTIONS = NO;
				ENABLE_STRICT_OBJC_MSGSEND = YES;
				GCC_C_LANGUAGE_STANDARD = gnu11;
				GCC_NO_COMMON_BLOCKS = YES;
				GCC_WARN_64_TO_32_BIT_CONVERSION = YES;
				GCC_WARN_ABOUT_RETURN_TYPE = YES_ERROR;
				GCC_WARN_UNDECLARED_SELECTOR = YES;
				GCC_WARN_UNINITIALIZED_AUTOS = YES_AGGRESSIVE;
				GCC_WARN_UNUSED_FUNCTION = YES;
				GCC_WARN_UNUSED_VARIABLE = YES;
				IPHONEOS_DEPLOYMENT_TARGET = 11.4;
				MTL_ENABLE_DEBUG_INFO = NO;
				SDKROOT = iphoneos;
				VALIDATE_PRODUCT = YES;
			};
			name = Release;
		};
		CF2EAF3B216F3F4500232AB6 /* Debug */ = {
			isa = XCBuildConfiguration;
			buildSettings = {
				ASSETCATALOG_COMPILER_APPICON_NAME = AppIcon;
				CODE_SIGN_STYLE = Automatic;
				INFOPLIST_FILE = AttributeLabel/Info.plist;
				LD_RUNPATH_SEARCH_PATHS = (
					"$(inherited)",
					"@executable_path/Frameworks",
				);
				PRODUCT_BUNDLE_IDENTIFIER = ffd.AttributeLabel;
				PRODUCT_NAME = "$(TARGET_NAME)";
				TARGETED_DEVICE_FAMILY = "1,2";
			};
			name = Debug;
		};
		CF2EAF3C216F3F4500232AB6 /* Release */ = {
			isa = XCBuildConfiguration;
			buildSettings = {
				ASSETCATALOG_COMPILER_APPICON_NAME = AppIcon;
				CODE_SIGN_STYLE = Automatic;
				INFOPLIST_FILE = AttributeLabel/Info.plist;
				LD_RUNPATH_SEARCH_PATHS = (
					"$(inherited)",
					"@executable_path/Frameworks",
				);
				PRODUCT_BUNDLE_IDENTIFIER = ffd.AttributeLabel;
				PRODUCT_NAME = "$(TARGET_NAME)";
				TARGETED_DEVICE_FAMILY = "1,2";
			};
			name = Release;
		};
		CF2EAF3E216F3F4500232AB6 /* Debug */ = {
			isa = XCBuildConfiguration;
			buildSettings = {
				BUNDLE_LOADER = "$(TEST_HOST)";
				CODE_SIGN_STYLE = Automatic;
				INFOPLIST_FILE = AttributeLabelTests/Info.plist;
				LD_RUNPATH_SEARCH_PATHS = (
					"$(inherited)",
					"@executable_path/Frameworks",
					"@loader_path/Frameworks",
				);
				PRODUCT_BUNDLE_IDENTIFIER = ffd.AttributeLabelTests;
				PRODUCT_NAME = "$(TARGET_NAME)";
				TARGETED_DEVICE_FAMILY = "1,2";
				TEST_HOST = "$(BUILT_PRODUCTS_DIR)/AttributeLabel.app/AttributeLabel";
			};
			name = Debug;
		};
		CF2EAF3F216F3F4500232AB6 /* Release */ = {
			isa = XCBuildConfiguration;
			buildSettings = {
				BUNDLE_LOADER = "$(TEST_HOST)";
				CODE_SIGN_STYLE = Automatic;
				INFOPLIST_FILE = AttributeLabelTests/Info.plist;
				LD_RUNPATH_SEARCH_PATHS = (
					"$(inherited)",
					"@executable_path/Frameworks",
					"@loader_path/Frameworks",
				);
				PRODUCT_BUNDLE_IDENTIFIER = ffd.AttributeLabelTests;
				PRODUCT_NAME = "$(TARGET_NAME)";
				TARGETED_DEVICE_FAMILY = "1,2";
				TEST_HOST = "$(BUILT_PRODUCTS_DIR)/AttributeLabel.app/AttributeLabel";
			};
			name = Release;
		};
		CF2EAF41216F3F4500232AB6 /* Debug */ = {
			isa = XCBuildConfiguration;
			buildSettings = {
				CODE_SIGN_STYLE = Automatic;
				INFOPLIST_FILE = AttributeLabelUITests/Info.plist;
				LD_RUNPATH_SEARCH_PATHS = (
					"$(inherited)",
					"@executable_path/Frameworks",
					"@loader_path/Frameworks",
				);
				PRODUCT_BUNDLE_IDENTIFIER = ffd.AttributeLabelUITests;
				PRODUCT_NAME = "$(TARGET_NAME)";
				TARGETED_DEVICE_FAMILY = "1,2";
				TEST_TARGET_NAME = AttributeLabel;
			};
			name = Debug;
		};
		CF2EAF42216F3F4500232AB6 /* Release */ = {
			isa = XCBuildConfiguration;
			buildSettings = {
				CODE_SIGN_STYLE = Automatic;
				INFOPLIST_FILE = AttributeLabelUITests/Info.plist;
				LD_RUNPATH_SEARCH_PATHS = (
					"$(inherited)",
					"@executable_path/Frameworks",
					"@loader_path/Frameworks",
				);
				PRODUCT_BUNDLE_IDENTIFIER = ffd.AttributeLabelUITests;
				PRODUCT_NAME = "$(TARGET_NAME)";
				TARGETED_DEVICE_FAMILY = "1,2";
				TEST_TARGET_NAME = AttributeLabel;
			};
			name = Release;
		};
/* End XCBuildConfiguration section */

/* Begin XCConfigurationList section */
		CF2EAF09216F3F3E00232AB6 /* Build configuration list for PBXProject "AttributeLabel" */ = {
			isa = XCConfigurationList;
			buildConfigurations = (
				CF2EAF38216F3F4500232AB6 /* Debug */,
				CF2EAF39216F3F4500232AB6 /* Release */,
			);
			defaultConfigurationIsVisible = 0;
			defaultConfigurationName = Release;
		};
		CF2EAF3A216F3F4500232AB6 /* Build configuration list for PBXNativeTarget "AttributeLabel" */ = {
			isa = XCConfigurationList;
			buildConfigurations = (
				CF2EAF3B216F3F4500232AB6 /* Debug */,
				CF2EAF3C216F3F4500232AB6 /* Release */,
			);
			defaultConfigurationIsVisible = 0;
			defaultConfigurationName = Release;
		};
		CF2EAF3D216F3F4500232AB6 /* Build configuration list for PBXNativeTarget "AttributeLabelTests" */ = {
			isa = XCConfigurationList;
			buildConfigurations = (
				CF2EAF3E216F3F4500232AB6 /* Debug */,
				CF2EAF3F216F3F4500232AB6 /* Release */,
			);
			defaultConfigurationIsVisible = 0;
			defaultConfigurationName = Release;
		};
		CF2EAF40216F3F4500232AB6 /* Build configuration list for PBXNativeTarget "AttributeLabelUITests" */ = {
			isa = XCConfigurationList;
			buildConfigurations = (
				CF2EAF41216F3F4500232AB6 /* Debug */,
				CF2EAF42216F3F4500232AB6 /* Release */,
			);
			defaultConfigurationIsVisible = 0;
			defaultConfigurationName = Release;
		};
/* End XCConfigurationList section */
	};
	rootObject = CF2EAF06216F3F3E00232AB6 /* Project object */;
}
